// !$*UTF8*$!
{
	archiveVersion = 1;
	classes = {
	};
	objectVersion = 51;
	objects = {

/* Begin PBXBuildFile section */
		577F79D52416681F00860C43 /* AppDelegate.swift in Sources */ = {isa = PBXBuildFile; fileRef = 577F79D42416681F00860C43 /* AppDelegate.swift */; };
		577F79D72416681F00860C43 /* DragAndDropViewController.swift in Sources */ = {isa = PBXBuildFile; fileRef = 577F79D62416681F00860C43 /* DragAndDropViewController.swift */; };
		577F79D92416682000860C43 /* Assets.xcassets in Resources */ = {isa = PBXBuildFile; fileRef = 577F79D82416682000860C43 /* Assets.xcassets */; };
		577F79DC2416682000860C43 /* Main.storyboard in Resources */ = {isa = PBXBuildFile; fileRef = 577F79DA2416682000860C43 /* Main.storyboard */; };
		577F79E9241679AF00860C43 /* DropView.swift in Sources */ = {isa = PBXBuildFile; fileRef = 577F79E8241679AF00860C43 /* DropView.swift */; };
		577F79EE2416A4B000860C43 /* UploadSheetViewController.swift in Sources */ = {isa = PBXBuildFile; fileRef = 577F79EC2416A4B000860C43 /* UploadSheetViewController.swift */; };
		60EB084A507207B78CB2FDE6 /* Pods_Remote_Localization_Helper.framework in Frameworks */ = {isa = PBXBuildFile; fileRef = FE18BC40143476AF24A2396F /* Pods_Remote_Localization_Helper.framework */; };
/* End PBXBuildFile section */

/* Begin PBXFileReference section */
		577F79D12416681F00860C43 /* Remote Localization Helper.app */ = {isa = PBXFileReference; explicitFileType = wrapper.application; includeInIndex = 0; path = "Remote Localization Helper.app"; sourceTree = BUILT_PRODUCTS_DIR; };
		577F79D42416681F00860C43 /* AppDelegate.swift */ = {isa = PBXFileReference; lastKnownFileType = sourcecode.swift; path = AppDelegate.swift; sourceTree = "<group>"; };
		577F79D62416681F00860C43 /* DragAndDropViewController.swift */ = {isa = PBXFileReference; lastKnownFileType = sourcecode.swift; path = DragAndDropViewController.swift; sourceTree = "<group>"; };
		577F79D82416682000860C43 /* Assets.xcassets */ = {isa = PBXFileReference; lastKnownFileType = folder.assetcatalog; path = Assets.xcassets; sourceTree = "<group>"; };
		577F79DB2416682000860C43 /* Base */ = {isa = PBXFileReference; lastKnownFileType = file.storyboard; name = Base; path = Base.lproj/Main.storyboard; sourceTree = "<group>"; };
		577F79DD2416682000860C43 /* Info.plist */ = {isa = PBXFileReference; lastKnownFileType = text.plist.xml; path = Info.plist; sourceTree = "<group>"; };
		577F79DE2416682000860C43 /* Remote_Localization_Helper.entitlements */ = {isa = PBXFileReference; lastKnownFileType = text.plist.entitlements; path = Remote_Localization_Helper.entitlements; sourceTree = "<group>"; };
		577F79E8241679AF00860C43 /* DropView.swift */ = {isa = PBXFileReference; lastKnownFileType = sourcecode.swift; path = DropView.swift; sourceTree = "<group>"; };
		577F79EC2416A4B000860C43 /* UploadSheetViewController.swift */ = {isa = PBXFileReference; lastKnownFileType = sourcecode.swift; path = UploadSheetViewController.swift; sourceTree = "<group>"; };
		CFB95392FDAD5B5298732C66 /* Pods-Remote Localization Helper.debug.xcconfig */ = {isa = PBXFileReference; includeInIndex = 1; lastKnownFileType = text.xcconfig; name = "Pods-Remote Localization Helper.debug.xcconfig"; path = "Target Support Files/Pods-Remote Localization Helper/Pods-Remote Localization Helper.debug.xcconfig"; sourceTree = "<group>"; };
		E631B876FDE0D65CD6D6E53D /* Pods-Remote Localization Helper.release.xcconfig */ = {isa = PBXFileReference; includeInIndex = 1; lastKnownFileType = text.xcconfig; name = "Pods-Remote Localization Helper.release.xcconfig"; path = "Target Support Files/Pods-Remote Localization Helper/Pods-Remote Localization Helper.release.xcconfig"; sourceTree = "<group>"; };
		FE18BC40143476AF24A2396F /* Pods_Remote_Localization_Helper.framework */ = {isa = PBXFileReference; explicitFileType = wrapper.framework; includeInIndex = 0; path = Pods_Remote_Localization_Helper.framework; sourceTree = BUILT_PRODUCTS_DIR; };
/* End PBXFileReference section */

/* Begin PBXFrameworksBuildPhase section */
		577F79CE2416681F00860C43 /* Frameworks */ = {
			isa = PBXFrameworksBuildPhase;
			buildActionMask = 2147483647;
			files = (
				60EB084A507207B78CB2FDE6 /* Pods_Remote_Localization_Helper.framework in Frameworks */,
			);
			runOnlyForDeploymentPostprocessing = 0;
		};
/* End PBXFrameworksBuildPhase section */

/* Begin PBXGroup section */
		2CF47D43153867C9631C52DB /* Frameworks */ = {
			isa = PBXGroup;
			children = (
				FE18BC40143476AF24A2396F /* Pods_Remote_Localization_Helper.framework */,
			);
			name = Frameworks;
			sourceTree = "<group>";
		};
		571297F52417890F00A4A977 /* SupportFiles */ = {
			isa = PBXGroup;
			children = (
				577F79D42416681F00860C43 /* AppDelegate.swift */,
				577F79D82416682000860C43 /* Assets.xcassets */,
				577F79DE2416682000860C43 /* Remote_Localization_Helper.entitlements */,
				577F79DD2416682000860C43 /* Info.plist */,
			);
			path = SupportFiles;
			sourceTree = "<group>";
		};
		571297F6241789CD00A4A977 /* Controllers */ = {
			isa = PBXGroup;
			children = (
				577F79EC2416A4B000860C43 /* UploadSheetViewController.swift */,
				577F79D62416681F00860C43 /* DragAndDropViewController.swift */,
			);
			path = Controllers;
			sourceTree = "<group>";
		};
		571297F7241789F800A4A977 /* Models */ = {
			isa = PBXGroup;
			children = (
				577F79E8241679AF00860C43 /* DropView.swift */,
			);
			path = Models;
			sourceTree = "<group>";
		};
		571297F824178A0100A4A977 /* Views */ = {
			isa = PBXGroup;
			children = (
				577F79DA2416682000860C43 /* Main.storyboard */,
			);
			path = Views;
			sourceTree = "<group>";
		};
		577F79C82416681F00860C43 = {
			isa = PBXGroup;
			children = (
				577F79D32416681F00860C43 /* Remote Localization Helper */,
				577F79D22416681F00860C43 /* Products */,
				7352146A80F0C87367E011BB /* Pods */,
				2CF47D43153867C9631C52DB /* Frameworks */,
			);
			sourceTree = "<group>";
		};
		577F79D22416681F00860C43 /* Products */ = {
			isa = PBXGroup;
			children = (
				577F79D12416681F00860C43 /* Remote Localization Helper.app */,
			);
			name = Products;
			sourceTree = "<group>";
		};
		577F79D32416681F00860C43 /* Remote Localization Helper */ = {
			isa = PBXGroup;
			children = (
				571297F824178A0100A4A977 /* Views */,
				571297F7241789F800A4A977 /* Models */,
				571297F6241789CD00A4A977 /* Controllers */,
				571297F52417890F00A4A977 /* SupportFiles */,
			);
			path = "Remote Localization Helper";
			sourceTree = "<group>";
		};
		7352146A80F0C87367E011BB /* Pods */ = {
			isa = PBXGroup;
			children = (
				CFB95392FDAD5B5298732C66 /* Pods-Remote Localization Helper.debug.xcconfig */,
				E631B876FDE0D65CD6D6E53D /* Pods-Remote Localization Helper.release.xcconfig */,
			);
			path = Pods;
			sourceTree = "<group>";
		};
/* End PBXGroup section */

/* Begin PBXNativeTarget section */
		577F79D02416681F00860C43 /* Remote Localization Helper */ = {
			isa = PBXNativeTarget;
			buildConfigurationList = 577F79E12416682000860C43 /* Build configuration list for PBXNativeTarget "Remote Localization Helper" */;
			buildPhases = (
				7216F18DC54EB61F776EE675 /* [CP] Check Pods Manifest.lock */,
				577F79CD2416681F00860C43 /* Sources */,
				577F79CE2416681F00860C43 /* Frameworks */,
				577F79CF2416681F00860C43 /* Resources */,
				662FD51F85D623DF0FDBB52E /* [CP] Embed Pods Frameworks */,
			);
			buildRules = (
			);
			dependencies = (
			);
			name = "Remote Localization Helper";
			productName = "Remote Localization Helper";
			productReference = 577F79D12416681F00860C43 /* Remote Localization Helper.app */;
			productType = "com.apple.product-type.application";
		};
/* End PBXNativeTarget section */

/* Begin PBXProject section */
		577F79C92416681F00860C43 /* Project object */ = {
			isa = PBXProject;
			attributes = {
				LastSwiftUpdateCheck = 1130;
				LastUpgradeCheck = 1130;
				ORGANIZATIONNAME = Loodos;
				TargetAttributes = {
					577F79D02416681F00860C43 = {
						CreatedOnToolsVersion = 11.3.1;
					};
				};
			};
			buildConfigurationList = 577F79CC2416681F00860C43 /* Build configuration list for PBXProject "Remote Localization Helper" */;
			compatibilityVersion = "Xcode 9.3";
			developmentRegion = en;
			hasScannedForEncodings = 0;
			knownRegions = (
				en,
				Base,
			);
			mainGroup = 577F79C82416681F00860C43;
			productRefGroup = 577F79D22416681F00860C43 /* Products */;
			projectDirPath = "";
			projectRoot = "";
			targets = (
				577F79D02416681F00860C43 /* Remote Localization Helper */,
			);
		};
/* End PBXProject section */

/* Begin PBXResourcesBuildPhase section */
		577F79CF2416681F00860C43 /* Resources */ = {
			isa = PBXResourcesBuildPhase;
			buildActionMask = 2147483647;
			files = (
				577F79D92416682000860C43 /* Assets.xcassets in Resources */,
				577F79DC2416682000860C43 /* Main.storyboard in Resources */,
			);
			runOnlyForDeploymentPostprocessing = 0;
		};
/* End PBXResourcesBuildPhase section */

/* Begin PBXShellScriptBuildPhase section */
		662FD51F85D623DF0FDBB52E /* [CP] Embed Pods Frameworks */ = {
			isa = PBXShellScriptBuildPhase;
			buildActionMask = 2147483647;
			files = (
			);
			inputFileListPaths = (
				"${PODS_ROOT}/Target Support Files/Pods-Remote Localization Helper/Pods-Remote Localization Helper-frameworks-${CONFIGURATION}-input-files.xcfilelist",
			);
			name = "[CP] Embed Pods Frameworks";
			outputFileListPaths = (
				"${PODS_ROOT}/Target Support Files/Pods-Remote Localization Helper/Pods-Remote Localization Helper-frameworks-${CONFIGURATION}-output-files.xcfilelist",
			);
			runOnlyForDeploymentPostprocessing = 0;
			shellPath = /bin/sh;
			shellScript = "\"${PODS_ROOT}/Target Support Files/Pods-Remote Localization Helper/Pods-Remote Localization Helper-frameworks.sh\"\n";
			showEnvVarsInLog = 0;
		};
		7216F18DC54EB61F776EE675 /* [CP] Check Pods Manifest.lock */ = {
			isa = PBXShellScriptBuildPhase;
			buildActionMask = 2147483647;
			files = (
			);
			inputFileListPaths = (
			);
			inputPaths = (
				"${PODS_PODFILE_DIR_PATH}/Podfile.lock",
				"${PODS_ROOT}/Manifest.lock",
			);
			name = "[CP] Check Pods Manifest.lock";
			outputFileListPaths = (
			);
			outputPaths = (
				"$(DERIVED_FILE_DIR)/Pods-Remote Localization Helper-checkManifestLockResult.txt",
			);
			runOnlyForDeploymentPostprocessing = 0;
			shellPath = /bin/sh;
			shellScript = "diff \"${PODS_PODFILE_DIR_PATH}/Podfile.lock\" \"${PODS_ROOT}/Manifest.lock\" > /dev/null\nif [ $? != 0 ] ; then\n    # print error to STDERR\n    echo \"error: The sandbox is not in sync with the Podfile.lock. Run 'pod install' or update your CocoaPods installation.\" >&2\n    exit 1\nfi\n# This output is used by Xcode 'outputs' to avoid re-running this script phase.\necho \"SUCCESS\" > \"${SCRIPT_OUTPUT_FILE_0}\"\n";
			showEnvVarsInLog = 0;
		};
/* End PBXShellScriptBuildPhase section */

/* Begin PBXSourcesBuildPhase section */
		577F79CD2416681F00860C43 /* Sources */ = {
			isa = PBXSourcesBuildPhase;
			buildActionMask = 2147483647;
			files = (
				577F79D72416681F00860C43 /* DragAndDropViewController.swift in Sources */,
				577F79D52416681F00860C43 /* AppDelegate.swift in Sources */,
				577F79E9241679AF00860C43 /* DropView.swift in Sources */,
				577F79EE2416A4B000860C43 /* UploadSheetViewController.swift in Sources */,
			);
			runOnlyForDeploymentPostprocessing = 0;
		};
/* End PBXSourcesBuildPhase section */

/* Begin PBXVariantGroup section */
		577F79DA2416682000860C43 /* Main.storyboard */ = {
			isa = PBXVariantGroup;
			children = (
				577F79DB2416682000860C43 /* Base */,
			);
			name = Main.storyboard;
			sourceTree = "<group>";
		};
/* End PBXVariantGroup section */

/* Begin XCBuildConfiguration section */
		577F79DF2416682000860C43 /* Debug */ = {
			isa = XCBuildConfiguration;
			buildSettings = {
				ALWAYS_SEARCH_USER_PATHS = NO;
				CLANG_ANALYZER_NONNULL = YES;
				CLANG_ANALYZER_NUMBER_OBJECT_CONVERSION = YES_AGGRESSIVE;
				CLANG_CXX_LANGUAGE_STANDARD = "gnu++14";
				CLANG_CXX_LIBRARY = "libc++";
				CLANG_ENABLE_MODULES = YES;
				CLANG_ENABLE_OBJC_ARC = YES;
				CLANG_ENABLE_OBJC_WEAK = YES;
				CLANG_WARN_BLOCK_CAPTURE_AUTORELEASING = YES;
				CLANG_WARN_BOOL_CONVERSION = YES;
				CLANG_WARN_COMMA = YES;
				CLANG_WARN_CONSTANT_CONVERSION = YES;
				CLANG_WARN_DEPRECATED_OBJC_IMPLEMENTATIONS = YES;
				CLANG_WARN_DIRECT_OBJC_ISA_USAGE = YES_ERROR;
				CLANG_WARN_DOCUMENTATION_COMMENTS = YES;
				CLANG_WARN_EMPTY_BODY = YES;
				CLANG_WARN_ENUM_CONVERSION = YES;
				CLANG_WARN_INFINITE_RECURSION = YES;
				CLANG_WARN_INT_CONVERSION = YES;
				CLANG_WARN_NON_LITERAL_NULL_CONVERSION = YES;
				CLANG_WARN_OBJC_IMPLICIT_RETAIN_SELF = YES;
				CLANG_WARN_OBJC_LITERAL_CONVERSION = YES;
				CLANG_WARN_OBJC_ROOT_CLASS = YES_ERROR;
				CLANG_WARN_RANGE_LOOP_ANALYSIS = YES;
				CLANG_WARN_STRICT_PROTOTYPES = YES;
				CLANG_WARN_SUSPICIOUS_MOVE = YES;
				CLANG_WARN_UNGUARDED_AVAILABILITY = YES_AGGRESSIVE;
				CLANG_WARN_UNREACHABLE_CODE = YES;
				CLANG_WARN__DUPLICATE_METHOD_MATCH = YES;
				COPY_PHASE_STRIP = NO;
				DEBUG_INFORMATION_FORMAT = dwarf;
				ENABLE_STRICT_OBJC_MSGSEND = YES;
				ENABLE_TESTABILITY = YES;
				GCC_C_LANGUAGE_STANDARD = gnu11;
				GCC_DYNAMIC_NO_PIC = NO;
				GCC_NO_COMMON_BLOCKS = YES;
				GCC_OPTIMIZATION_LEVEL = 0;
				GCC_PREPROCESSOR_DEFINITIONS = (
					"DEBUG=1",
					"$(inherited)",
				);
				GCC_WARN_64_TO_32_BIT_CONVERSION = YES;
				GCC_WARN_ABOUT_RETURN_TYPE = YES_ERROR;
				GCC_WARN_UNDECLARED_SELECTOR = YES;
				GCC_WARN_UNINITIALIZED_AUTOS = YES_AGGRESSIVE;
				GCC_WARN_UNUSED_FUNCTION = YES;
				GCC_WARN_UNUSED_VARIABLE = YES;
				MACOSX_DEPLOYMENT_TARGET = 10.13;
				MTL_ENABLE_DEBUG_INFO = INCLUDE_SOURCE;
				MTL_FAST_MATH = YES;
				ONLY_ACTIVE_ARCH = YES;
				SDKROOT = macosx;
				SWIFT_ACTIVE_COMPILATION_CONDITIONS = DEBUG;
				SWIFT_OPTIMIZATION_LEVEL = "-Onone";
			};
			name = Debug;
		};
		577F79E02416682000860C43 /* Release */ = {
			isa = XCBuildConfiguration;
			buildSettings = {
				ALWAYS_SEARCH_USER_PATHS = NO;
				CLANG_ANALYZER_NONNULL = YES;
				CLANG_ANALYZER_NUMBER_OBJECT_CONVERSION = YES_AGGRESSIVE;
				CLANG_CXX_LANGUAGE_STANDARD = "gnu++14";
				CLANG_CXX_LIBRARY = "libc++";
				CLANG_ENABLE_MODULES = YES;
				CLANG_ENABLE_OBJC_ARC = YES;
				CLANG_ENABLE_OBJC_WEAK = YES;
				CLANG_WARN_BLOCK_CAPTURE_AUTORELEASING = YES;
				CLANG_WARN_BOOL_CONVERSION = YES;
				CLANG_WARN_COMMA = YES;
				CLANG_WARN_CONSTANT_CONVERSION = YES;
				CLANG_WARN_DEPRECATED_OBJC_IMPLEMENTATIONS = YES;
				CLANG_WARN_DIRECT_OBJC_ISA_USAGE = YES_ERROR;
				CLANG_WARN_DOCUMENTATION_COMMENTS = YES;
				CLANG_WARN_EMPTY_BODY = YES;
				CLANG_WARN_ENUM_CONVERSION = YES;
				CLANG_WARN_INFINITE_RECURSION = YES;
				CLANG_WARN_INT_CONVERSION = YES;
				CLANG_WARN_NON_LITERAL_NULL_CONVERSION = YES;
				CLANG_WARN_OBJC_IMPLICIT_RETAIN_SELF = YES;
				CLANG_WARN_OBJC_LITERAL_CONVERSION = YES;
				CLANG_WARN_OBJC_ROOT_CLASS = YES_ERROR;
				CLANG_WARN_RANGE_LOOP_ANALYSIS = YES;
				CLANG_WARN_STRICT_PROTOTYPES = YES;
				CLANG_WARN_SUSPICIOUS_MOVE = YES;
				CLANG_WARN_UNGUARDED_AVAILABILITY = YES_AGGRESSIVE;
				CLANG_WARN_UNREACHABLE_CODE = YES;
				CLANG_WARN__DUPLICATE_METHOD_MATCH = YES;
				COPY_PHASE_STRIP = NO;
				DEBUG_INFORMATION_FORMAT = "dwarf-with-dsym";
				ENABLE_NS_ASSERTIONS = NO;
				ENABLE_STRICT_OBJC_MSGSEND = YES;
				GCC_C_LANGUAGE_STANDARD = gnu11;
				GCC_NO_COMMON_BLOCKS = YES;
				GCC_WARN_64_TO_32_BIT_CONVERSION = YES;
				GCC_WARN_ABOUT_RETURN_TYPE = YES_ERROR;
				GCC_WARN_UNDECLARED_SELECTOR = YES;
				GCC_WARN_UNINITIALIZED_AUTOS = YES_AGGRESSIVE;
				GCC_WARN_UNUSED_FUNCTION = YES;
				GCC_WARN_UNUSED_VARIABLE = YES;
				MACOSX_DEPLOYMENT_TARGET = 10.13;
				MTL_ENABLE_DEBUG_INFO = NO;
				MTL_FAST_MATH = YES;
				SDKROOT = macosx;
				SWIFT_COMPILATION_MODE = wholemodule;
				SWIFT_OPTIMIZATION_LEVEL = "-O";
			};
			name = Release;
		};
		577F79E22416682000860C43 /* Debug */ = {
			isa = XCBuildConfiguration;
			baseConfigurationReference = CFB95392FDAD5B5298732C66 /* Pods-Remote Localization Helper.debug.xcconfig */;
			buildSettings = {
				ASSETCATALOG_COMPILER_APPICON_NAME = AppIcon;
				CODE_SIGN_ENTITLEMENTS = "Remote Localization Helper/Remote_Localization_Helper.entitlements";
				CODE_SIGN_STYLE = Automatic;
				COMBINE_HIDPI_IMAGES = YES;
				INFOPLIST_FILE = "$(SRCROOT)/Remote Localization Helper/SupportFiles/Info.plist";
				LD_RUNPATH_SEARCH_PATHS = (
					"$(inherited)",
					"@executable_path/../Frameworks",
				);
				MACOSX_DEPLOYMENT_TARGET = 10.13;
				PRODUCT_BUNDLE_IDENTIFIER = com.yourCompany.AppName;
				PRODUCT_NAME = "$(TARGET_NAME)";
				SWIFT_VERSION = 5.0;
			};
			name = Debug;
		};
		577F79E32416682000860C43 /* Release */ = {
			isa = XCBuildConfiguration;
			baseConfigurationReference = E631B876FDE0D65CD6D6E53D /* Pods-Remote Localization Helper.release.xcconfig */;
			buildSettings = {
				ASSETCATALOG_COMPILER_APPICON_NAME = AppIcon;
				CODE_SIGN_ENTITLEMENTS = "Remote Localization Helper/Remote_Localization_Helper.entitlements";
				CODE_SIGN_STYLE = Automatic;
				COMBINE_HIDPI_IMAGES = YES;
				INFOPLIST_FILE = "$(SRCROOT)/Remote Localization Helper/SupportFiles/Info.plist";
				LD_RUNPATH_SEARCH_PATHS = (
					"$(inherited)",
					"@executable_path/../Frameworks",
				);
				MACOSX_DEPLOYMENT_TARGET = 10.13;
				PRODUCT_BUNDLE_IDENTIFIER = com.yourCompany.AppName;
				PRODUCT_NAME = "$(TARGET_NAME)";
				SWIFT_VERSION = 5.0;
			};
			name = Release;
		};
/* End XCBuildConfiguration section */

/* Begin XCConfigurationList section */
		577F79CC2416681F00860C43 /* Build configuration list for PBXProject "Remote Localization Helper" */ = {
			isa = XCConfigurationList;
			buildConfigurations = (
				577F79DF2416682000860C43 /* Debug */,
				577F79E02416682000860C43 /* Release */,
			);
			defaultConfigurationIsVisible = 0;
			defaultConfigurationName = Release;
		};
		577F79E12416682000860C43 /* Build configuration list for PBXNativeTarget "Remote Localization Helper" */ = {
			isa = XCConfigurationList;
			buildConfigurations = (
				577F79E22416682000860C43 /* Debug */,
				577F79E32416682000860C43 /* Release */,
			);
			defaultConfigurationIsVisible = 0;
			defaultConfigurationName = Release;
		};
/* End XCConfigurationList section */
	};
	rootObject = 577F79C92416681F00860C43 /* Project object */;
}
